
Microsoft Visual Studio Solution File, Format Version 12.00
# Visual Studio Version 16
VisualStudioVersion = 16.0.31515.178
MinimumVisualStudioVersion = 10.0.40219.1
Project("{9A19103F-16F7-4668-BE54-9A1E7A4F7556}") = "FreelanceParser", "FreelanceParser\FreelanceParser.csproj", "{8625CBE6-87BA-49D1-BF75-648245F8AE59}"
EndProject
Project("{9A19103F-16F7-4668-BE54-9A1E7A4F7556}") = "Bot.Core", "Bot.Core\Bot.Core.csproj", "{F59D0BEE-CD3A-474D-B60C-603438368EFB}"
EndProject
Global
	GlobalSection(SolutionConfigurationPlatforms) = preSolution
		Debug|Any CPU = Debug|Any CPU
		Release|Any CPU = Release|Any CPU
	EndGlobalSection
	GlobalSection(ProjectConfigurationPlatforms) = postSolution
		{8625CBE6-87BA-49D1-BF75-648245F8AE59}.Debug|Any CPU.ActiveCfg = Debug|Any CPU
		{8625CBE6-87BA-49D1-BF75-648245F8AE59}.Debug|Any CPU.Build.0 = Debug|Any CPU
		{8625CBE6-87BA-49D1-BF75-648245F8AE59}.Release|Any CPU.ActiveCfg = Release|Any CPU
		{8625CBE6-87BA-49D1-BF75-648245F8AE59}.Release|Any CPU.Build.0 = Release|Any CPU
		{F59D0BEE-CD3A-474D-B60C-603438368EFB}.Debug|Any CPU.ActiveCfg = Debug|Any CPU
		{F59D0BEE-CD3A-474D-B60C-603438368EFB}.Debug|Any CPU.Build.0 = Debug|Any CPU
		{F59D0BEE-CD3A-474D-B60C-603438368EFB}.Release|Any CPU.ActiveCfg = Release|Any CPU
		{F59D0BEE-CD3A-474D-B60C-603438368EFB}.Release|Any CPU.Build.0 = Release|Any CPU
	EndGlobalSection
	GlobalSection(SolutionProperties) = preSolution
		HideSolutionNode = FALSE
	EndGlobalSection
	GlobalSection(ExtensibilityGlobals) = postSolution
		SolutionGuid = {C6A2007E-26CC-40AF-A9EE-E890BC99CC4E}
	EndGlobalSection
EndGlobal
